// !$*UTF8*$!
{
	archiveVersion = 1;
	classes = {
	};
	objectVersion = 46;
	objects = {

/* Begin PBXAggregateTarget section */
		6A744FC417F8E1D6000793B2 /* OdbcDocumentation */ = {
			isa = PBXAggregateTarget;
			buildConfigurationList = 6A744FC717F8E1D6000793B2 /* Build configuration list for PBXAggregateTarget "OdbcDocumentation" */;
			buildPhases = (
				6A744FC817F8E215000793B2 /* ShellScript */,
				6A3947ED18196D170049B34C /* ShellScript */,
				6A5901EC1821D2670090ED57 /* ShellScript */,
				6A5901ED1821DB250090ED57 /* ShellScript */,
			);
			dependencies = (
			);
			name = OdbcDocumentation;
			productName = Documentation;
		};
/* End PBXAggregateTarget section */

/* Begin PBXBuildFile section */
		6A1F1A1517F0EA980019B7CC /* iODBC.framework in Frameworks */ = {isa = PBXBuildFile; fileRef = 6A1F1A1417F0EA980019B7CC /* iODBC.framework */; };
		6A27E28E17D8FC490070E6B7 /* Cocoa.framework in Frameworks */ = {isa = PBXBuildFile; fileRef = 6A27E28D17D8FC490070E6B7 /* Cocoa.framework */; };
		6A27E29817D8FC490070E6B7 /* InfoPlist.strings in Resources */ = {isa = PBXBuildFile; fileRef = 6A27E29617D8FC490070E6B7 /* InfoPlist.strings */; };
		6A27E2B217D8FCAF0070E6B7 /* OdbcColumnDescriptor.h in Headers */ = {isa = PBXBuildFile; fileRef = 6A27E2A217D8FCAF0070E6B7 /* OdbcColumnDescriptor.h */; settings = {ATTRIBUTES = (Public, ); }; };
		6A27E2B317D8FCAF0070E6B7 /* OdbcColumnDescriptor.m in Sources */ = {isa = PBXBuildFile; fileRef = 6A27E2A317D8FCAF0070E6B7 /* OdbcColumnDescriptor.m */; };
		6A27E2B417D8FCAF0070E6B7 /* OdbcConnection.h in Headers */ = {isa = PBXBuildFile; fileRef = 6A27E2A417D8FCAF0070E6B7 /* OdbcConnection.h */; settings = {ATTRIBUTES = (Public, ); }; };
		6A27E2B517D8FCAF0070E6B7 /* OdbcConnection.m in Sources */ = {isa = PBXBuildFile; fileRef = 6A27E2A517D8FCAF0070E6B7 /* OdbcConnection.m */; };
		6A27E2B617D8FCAF0070E6B7 /* OdbcEnvironment.h in Headers */ = {isa = PBXBuildFile; fileRef = 6A27E2A617D8FCAF0070E6B7 /* OdbcEnvironment.h */; settings = {ATTRIBUTES = (Public, ); }; };
		6A27E2B717D8FCAF0070E6B7 /* OdbcEnvironment.m in Sources */ = {isa = PBXBuildFile; fileRef = 6A27E2A717D8FCAF0070E6B7 /* OdbcEnvironment.m */; };
		6A27E2B817D8FCAF0070E6B7 /* OdbcException.h in Headers */ = {isa = PBXBuildFile; fileRef = 6A27E2A817D8FCAF0070E6B7 /* OdbcException.h */; settings = {ATTRIBUTES = (Public, ); }; };
		6A27E2B917D8FCAF0070E6B7 /* OdbcException.m in Sources */ = {isa = PBXBuildFile; fileRef = 6A27E2A917D8FCAF0070E6B7 /* OdbcException.m */; };
		6A27E2BA17D8FCAF0070E6B7 /* OdbcParameterDescriptor.h in Headers */ = {isa = PBXBuildFile; fileRef = 6A27E2AA17D8FCAF0070E6B7 /* OdbcParameterDescriptor.h */; settings = {ATTRIBUTES = (Public, ); }; };
		6A27E2BB17D8FCAF0070E6B7 /* OdbcParameterDescriptor.m in Sources */ = {isa = PBXBuildFile; fileRef = 6A27E2AB17D8FCAF0070E6B7 /* OdbcParameterDescriptor.m */; };
		6A27E2BC17D8FCAF0070E6B7 /* OdbcPrepareDescriptor.h in Headers */ = {isa = PBXBuildFile; fileRef = 6A27E2AC17D8FCAF0070E6B7 /* OdbcPrepareDescriptor.h */; settings = {ATTRIBUTES = (Public, ); }; };
		6A27E2BE17D8FCAF0070E6B7 /* OdbcResultDescriptor.h in Headers */ = {isa = PBXBuildFile; fileRef = 6A27E2AE17D8FCAF0070E6B7 /* OdbcResultDescriptor.h */; settings = {ATTRIBUTES = (Public, ); }; };
		6A27E2BF17D8FCAF0070E6B7 /* OdbcResultDescriptor.m in Sources */ = {isa = PBXBuildFile; fileRef = 6A27E2AF17D8FCAF0070E6B7 /* OdbcResultDescriptor.m */; };
		6A27E2C017D8FCAF0070E6B7 /* OdbcStatement.h in Headers */ = {isa = PBXBuildFile; fileRef = 6A27E2B017D8FCAF0070E6B7 /* OdbcStatement.h */; settings = {ATTRIBUTES = (Public, ); }; };
		6A27E2C117D8FCAF0070E6B7 /* OdbcStatement.m in Sources */ = {isa = PBXBuildFile; fileRef = 6A27E2B117D8FCAF0070E6B7 /* OdbcStatement.m */; };
		6A27E2CA17D90EC20070E6B7 /* Odbc.h in Headers */ = {isa = PBXBuildFile; fileRef = 6A27E29A17D8FC490070E6B7 /* Odbc.h */; settings = {ATTRIBUTES = (Public, ); }; };
		6A2D3F4017FAF4B200154AF4 /* SenTestingKit.framework in Frameworks */ = {isa = PBXBuildFile; fileRef = 6A2D3F3F17FAF4B200154AF4 /* SenTestingKit.framework */; };
		6A38A132181AD36100876BDE /* CoreFoundation.framework in Frameworks */ = {isa = PBXBuildFile; fileRef = 6A744FB517F867E1000793B2 /* CoreFoundation.framework */; };
		6A38A135181AD36100876BDE /* main.m in Sources */ = {isa = PBXBuildFile; fileRef = 6A38A134181AD36100876BDE /* main.m */; };
		6A38A13B181AD6CF00876BDE /* iODBC.framework in Frameworks */ = {isa = PBXBuildFile; fileRef = 6A1F1A1417F0EA980019B7CC /* iODBC.framework */; };
		6A38A13C181ADABA00876BDE /* OdbcException.m in Sources */ = {isa = PBXBuildFile; fileRef = 6A27E2A917D8FCAF0070E6B7 /* OdbcException.m */; };
		6A3947EF18196F600049B34C /* index.markdown in Resources */ = {isa = PBXBuildFile; fileRef = 6A3947EE18196F5F0049B34C /* index.markdown */; };
		6A5901CA182150350090ED57 /* libParseKit.a in Frameworks */ = {isa = PBXBuildFile; fileRef = 6A5901C9182150350090ED57 /* libParseKit.a */; };
		6A5901D2182152F80090ED57 /* PKParser.h in Headers */ = {isa = PBXBuildFile; fileRef = 6A5901CB182152F80090ED57 /* PKParser.h */; };
		6A5901D3182152F80090ED57 /* PKParserFactory.h in Headers */ = {isa = PBXBuildFile; fileRef = 6A5901CC182152F80090ED57 /* PKParserFactory.h */; };
		6A5901D4182152F80090ED57 /* PKParseTree.h in Headers */ = {isa = PBXBuildFile; fileRef = 6A5901CD182152F80090ED57 /* PKParseTree.h */; };
		6A5901D5182152F80090ED57 /* PKParseTreeAssembler.h in Headers */ = {isa = PBXBuildFile; fileRef = 6A5901CE182152F80090ED57 /* PKParseTreeAssembler.h */; };
		6A5901D6182152F80090ED57 /* PKRuleNode.h in Headers */ = {isa = PBXBuildFile; fileRef = 6A5901CF182152F80090ED57 /* PKRuleNode.h */; };
		6A5901D7182152F80090ED57 /* PKToken.h in Headers */ = {isa = PBXBuildFile; fileRef = 6A5901D0182152F80090ED57 /* PKToken.h */; };
		6A5901D8182152F80090ED57 /* PKTypes.h in Headers */ = {isa = PBXBuildFile; fileRef = 6A5901D1182152F80090ED57 /* PKTypes.h */; };
		6A5901DA182153820090ED57 /* PKTokenNode.h in Headers */ = {isa = PBXBuildFile; fileRef = 6A5901D9182153820090ED57 /* PKTokenNode.h */; };
		6A5901DE182158C40090ED57 /* NSArray+ParseKitAdditions.h in Headers */ = {isa = PBXBuildFile; fileRef = 6A5901DB182158C40090ED57 /* NSArray+ParseKitAdditions.h */; };
		6A5901DF182158C40090ED57 /* NSMutableSet+ParseKitAdditions.h in Headers */ = {isa = PBXBuildFile; fileRef = 6A5901DC182158C40090ED57 /* NSMutableSet+ParseKitAdditions.h */; };
		6A5901E0182158C40090ED57 /* NSString+ParseKitAdditions.h in Headers */ = {isa = PBXBuildFile; fileRef = 6A5901DD182158C40090ED57 /* NSString+ParseKitAdditions.h */; };
		6A5901E818215A770090ED57 /* NSArray+ParseKitAdditions.m in Sources */ = {isa = PBXBuildFile; fileRef = 6A5901E518215A770090ED57 /* NSArray+ParseKitAdditions.m */; };
		6A5901E918215A770090ED57 /* NSMutableSet+ParseKitAdditions.m in Sources */ = {isa = PBXBuildFile; fileRef = 6A5901E618215A770090ED57 /* NSMutableSet+ParseKitAdditions.m */; };
		6A5901EA18215A770090ED57 /* NSString+ParseKitAdditions.m in Sources */ = {isa = PBXBuildFile; fileRef = 6A5901E718215A770090ED57 /* NSString+ParseKitAdditions.m */; };
		6A5EE5EB18032FE8005E5942 /* OdbcStore.h in Headers */ = {isa = PBXBuildFile; fileRef = 6A5EE5E518032FE8005E5942 /* OdbcStore.h */; settings = {ATTRIBUTES = (Public, ); }; };
		6A5EE5EC18032FE8005E5942 /* OdbcStore.m in Sources */ = {isa = PBXBuildFile; fileRef = 6A5EE5E618032FE8005E5942 /* OdbcStore.m */; };
		6A5EE5ED18032FE8005E5942 /* OdbcStoreDatabase.h in Headers */ = {isa = PBXBuildFile; fileRef = 6A5EE5E718032FE8005E5942 /* OdbcStoreDatabase.h */; };
		6A5EE5EE18032FE8005E5942 /* OdbcStoreDatabase.m in Sources */ = {isa = PBXBuildFile; fileRef = 6A5EE5E818032FE8005E5942 /* OdbcStoreDatabase.m */; };
		6A5EE5EF18032FE8005E5942 /* OdbcUrl.h in Headers */ = {isa = PBXBuildFile; fileRef = 6A5EE5E918032FE8005E5942 /* OdbcUrl.h */; };
		6A5EE5F018032FE8005E5942 /* OdbcUrl.m in Sources */ = {isa = PBXBuildFile; fileRef = 6A5EE5EA18032FE8005E5942 /* OdbcUrl.m */; };
		6A5EE5F61803308C005E5942 /* Cocoa.framework in Frameworks */ = {isa = PBXBuildFile; fileRef = 6A27E28D17D8FC490070E6B7 /* Cocoa.framework */; };
		6A5EE5FC1803308C005E5942 /* InfoPlist.strings in Resources */ = {isa = PBXBuildFile; fileRef = 6A5EE5FA1803308C005E5942 /* InfoPlist.strings */; };
		6A5EE5FE1803308C005E5942 /* main.m in Sources */ = {isa = PBXBuildFile; fileRef = 6A5EE5FD1803308C005E5942 /* main.m */; };
		6A5EE6021803308C005E5942 /* Credits.rtf in Resources */ = {isa = PBXBuildFile; fileRef = 6A5EE6001803308C005E5942 /* Credits.rtf */; };
		6A5EE6051803308C005E5942 /* AppDelegate.m in Sources */ = {isa = PBXBuildFile; fileRef = 6A5EE6041803308C005E5942 /* AppDelegate.m */; };
		6A5EE6081803308D005E5942 /* MainMenu.xib in Resources */ = {isa = PBXBuildFile; fileRef = 6A5EE6061803308D005E5942 /* MainMenu.xib */; };
		6A5EE617180331D8005E5942 /* AuthorBooksController.m in Sources */ = {isa = PBXBuildFile; fileRef = 6A5EE610180331D8005E5942 /* AuthorBooksController.m */; };
		6A5EE618180331D8005E5942 /* AuthorsController.m in Sources */ = {isa = PBXBuildFile; fileRef = 6A5EE612180331D8005E5942 /* AuthorsController.m */; };
		6A5EE619180331D8005E5942 /* BookAuthorsController.m in Sources */ = {isa = PBXBuildFile; fileRef = 6A5EE614180331D8005E5942 /* BookAuthorsController.m */; };
		6A5EE61A180331D8005E5942 /* BooksController.m in Sources */ = {isa = PBXBuildFile; fileRef = 6A5EE616180331D8005E5942 /* BooksController.m */; };
		6A5EE61E180332B2005E5942 /* Odbc.framework in Frameworks */ = {isa = PBXBuildFile; fileRef = 6A27E28A17D8FC490070E6B7 /* Odbc.framework */; };
		6A5EE62418036DE9005E5942 /* OdbcExample.xcdatamodeld in Sources */ = {isa = PBXBuildFile; fileRef = 6A5EE62218036DE9005E5942 /* OdbcExample.xcdatamodeld */; };
		6A5EE62718059B08005E5942 /* OdbcStoreTests.m in Sources */ = {isa = PBXBuildFile; fileRef = 6A5EE62618059B08005E5942 /* OdbcStoreTests.m */; };
		6A5EE62A18059C64005E5942 /* OdbcStoreTests.xcdatamodeld in Sources */ = {isa = PBXBuildFile; fileRef = 6A5EE62818059C64005E5942 /* OdbcStoreTests.xcdatamodeld */; };
		6A5EE6321806062D005E5942 /* Author.m in Sources */ = {isa = PBXBuildFile; fileRef = 6A5EE6311806062D005E5942 /* Author.m */; };
		6A5EE6351806067E005E5942 /* Book.m in Sources */ = {isa = PBXBuildFile; fileRef = 6A5EE6341806067E005E5942 /* Book.m */; };
		6A5EE638180706F0005E5942 /* OdbcAppDelegate.h in Headers */ = {isa = PBXBuildFile; fileRef = 6A5EE636180706F0005E5942 /* OdbcAppDelegate.h */; settings = {ATTRIBUTES = (Public, ); }; };
		6A5EE639180706F0005E5942 /* OdbcAppDelegate.m in Sources */ = {isa = PBXBuildFile; fileRef = 6A5EE637180706F0005E5942 /* OdbcAppDelegate.m */; };
		6A66EB291831392000CDD93E /* OdbcArrayController.h in Headers */ = {isa = PBXBuildFile; fileRef = 6A66EB271831392000CDD93E /* OdbcArrayController.h */; settings = {ATTRIBUTES = (Public, ); }; };
		6A66EB2A1831392000CDD93E /* OdbcArrayController.m in Sources */ = {isa = PBXBuildFile; fileRef = 6A66EB281831392000CDD93E /* OdbcArrayController.m */; };
		6A66EB321835480200CDD93E /* OdbcDocument.h in Headers */ = {isa = PBXBuildFile; fileRef = 6A66EB2F1835480200CDD93E /* OdbcDocument.h */; settings = {ATTRIBUTES = (Public, ); }; };
		6A66EB331835480200CDD93E /* OdbcDocument.m in Sources */ = {isa = PBXBuildFile; fileRef = 6A66EB301835480200CDD93E /* OdbcDocument.m */; };
		6A744FAC17F78CD6000793B2 /* Odbc-Prefix.pch in Headers */ = {isa = PBXBuildFile; fileRef = 6A744FAB17F78CD6000793B2 /* Odbc-Prefix.pch */; };
		6A744FE917F9EC8F000793B2 /* Cocoa.framework in Frameworks */ = {isa = PBXBuildFile; fileRef = 6A27E28D17D8FC490070E6B7 /* Cocoa.framework */; };
		6A744FF717F9ECC2000793B2 /* Odbc.framework in Frameworks */ = {isa = PBXBuildFile; fileRef = 6A27E28A17D8FC490070E6B7 /* Odbc.framework */; };
		6A744FFA17FAED37000793B2 /* ConnectionTests.m in Sources */ = {isa = PBXBuildFile; fileRef = 6A744FF917FAED36000793B2 /* ConnectionTests.m */; };
		6A744FFD17FAEDBE000793B2 /* OdbcTests.m in Sources */ = {isa = PBXBuildFile; fileRef = 6A744FFC17FAEDBE000793B2 /* OdbcTests.m */; };
		6A74500617FAEE6F000793B2 /* InfoPlist.strings in Resources */ = {isa = PBXBuildFile; fileRef = 6A74500417FAEE6F000793B2 /* InfoPlist.strings */; };
		6AA4548E17FAFFAD00BB2EC9 /* StatementTests.m in Sources */ = {isa = PBXBuildFile; fileRef = 6AA4548D17FAFFAD00BB2EC9 /* StatementTests.m */; };
		6ABB002F17F1E18100AF8BFB /* OdbcPrepareDescriptor.m in Sources */ = {isa = PBXBuildFile; fileRef = 6ABB002E17F1E18100AF8BFB /* OdbcPrepareDescriptor.m */; };
		6AF8178C18106475004F9042 /* OdbcPredicate.grammar in Resources */ = {isa = PBXBuildFile; fileRef = 6AF8178918106475004F9042 /* OdbcPredicate.grammar */; };
		6AF8178D18106475004F9042 /* OdbcPredicate.h in Headers */ = {isa = PBXBuildFile; fileRef = 6AF8178A18106475004F9042 /* OdbcPredicate.h */; settings = {ATTRIBUTES = (Public, ); }; };
		6AF8178E18106475004F9042 /* OdbcPredicate.m in Sources */ = {isa = PBXBuildFile; fileRef = 6AF8178B18106475004F9042 /* OdbcPredicate.m */; };
/* End PBXBuildFile section */

/* Begin PBXBuildRule section */
		6A5EE62C1805BFCC005E5942 /* PBXBuildRule */ = {
			isa = PBXBuildRule;
			compilerSpec = com.apple.compilers.model.coredata;
			fileType = wrapper.xcdatamodel;
			isEditable = 1;
			outputFiles = (
			);
		};
/* End PBXBuildRule section */

/* Begin PBXCopyFilesBuildPhase section */
		6A38A12F181AD36100876BDE /* CopyFiles */ = {
			isa = PBXCopyFilesBuildPhase;
			buildActionMask = 2147483647;
			dstPath = /usr/share/man/man1/;
			dstSubfolderSpec = 0;
			files = (
			);
			runOnlyForDeploymentPostprocessing = 1;
		};
/* End PBXCopyFilesBuildPhase section */

/* Begin PBXFileReference section */
		6A1F1A1417F0EA980019B7CC /* iODBC.framework */ = {isa = PBXFileReference; lastKnownFileType = wrapper.framework; name = iODBC.framework; path = /Library/Frameworks/iODBC.framework; sourceTree = "<absolute>"; };
		6A27E28A17D8FC490070E6B7 /* Odbc.framework */ = {isa = PBXFileReference; explicitFileType = wrapper.framework; includeInIndex = 0; path = Odbc.framework; sourceTree = BUILT_PRODUCTS_DIR; };
		6A27E28D17D8FC490070E6B7 /* Cocoa.framework */ = {isa = PBXFileReference; lastKnownFileType = wrapper.framework; name = Cocoa.framework; path = System/Library/Frameworks/Cocoa.framework; sourceTree = SDKROOT; };
		6A27E29017D8FC490070E6B7 /* AppKit.framework */ = {isa = PBXFileReference; lastKnownFileType = wrapper.framework; name = AppKit.framework; path = System/Library/Frameworks/AppKit.framework; sourceTree = SDKROOT; };
		6A27E29117D8FC490070E6B7 /* CoreData.framework */ = {isa = PBXFileReference; lastKnownFileType = wrapper.framework; name = CoreData.framework; path = System/Library/Frameworks/CoreData.framework; sourceTree = SDKROOT; };
		6A27E29217D8FC490070E6B7 /* Foundation.framework */ = {isa = PBXFileReference; lastKnownFileType = wrapper.framework; name = Foundation.framework; path = System/Library/Frameworks/Foundation.framework; sourceTree = SDKROOT; };
		6A27E29717D8FC490070E6B7 /* en */ = {isa = PBXFileReference; lastKnownFileType = text.plist.strings; name = en; path = en.lproj/InfoPlist.strings; sourceTree = "<group>"; };
		6A27E29A17D8FC490070E6B7 /* Odbc.h */ = {isa = PBXFileReference; lastKnownFileType = sourcecode.c.h; path = Odbc.h; sourceTree = "<group>"; };
		6A27E2A217D8FCAF0070E6B7 /* OdbcColumnDescriptor.h */ = {isa = PBXFileReference; fileEncoding = 4; lastKnownFileType = sourcecode.c.h; path = OdbcColumnDescriptor.h; sourceTree = "<group>"; };
		6A27E2A317D8FCAF0070E6B7 /* OdbcColumnDescriptor.m */ = {isa = PBXFileReference; fileEncoding = 4; lastKnownFileType = sourcecode.c.objc; path = OdbcColumnDescriptor.m; sourceTree = "<group>"; };
		6A27E2A417D8FCAF0070E6B7 /* OdbcConnection.h */ = {isa = PBXFileReference; fileEncoding = 4; lastKnownFileType = sourcecode.c.h; path = OdbcConnection.h; sourceTree = "<group>"; };
		6A27E2A517D8FCAF0070E6B7 /* OdbcConnection.m */ = {isa = PBXFileReference; fileEncoding = 4; lastKnownFileType = sourcecode.c.objc; path = OdbcConnection.m; sourceTree = "<group>"; };
		6A27E2A617D8FCAF0070E6B7 /* OdbcEnvironment.h */ = {isa = PBXFileReference; fileEncoding = 4; lastKnownFileType = sourcecode.c.h; path = OdbcEnvironment.h; sourceTree = "<group>"; };
		6A27E2A717D8FCAF0070E6B7 /* OdbcEnvironment.m */ = {isa = PBXFileReference; fileEncoding = 4; lastKnownFileType = sourcecode.c.objc; path = OdbcEnvironment.m; sourceTree = "<group>"; };
		6A27E2A817D8FCAF0070E6B7 /* OdbcException.h */ = {isa = PBXFileReference; fileEncoding = 4; lastKnownFileType = sourcecode.c.h; path = OdbcException.h; sourceTree = "<group>"; };
		6A27E2A917D8FCAF0070E6B7 /* OdbcException.m */ = {isa = PBXFileReference; fileEncoding = 4; lastKnownFileType = sourcecode.c.objc; path = OdbcException.m; sourceTree = "<group>"; };
		6A27E2AA17D8FCAF0070E6B7 /* OdbcParameterDescriptor.h */ = {isa = PBXFileReference; fileEncoding = 4; lastKnownFileType = sourcecode.c.h; path = OdbcParameterDescriptor.h; sourceTree = "<group>"; };
		6A27E2AB17D8FCAF0070E6B7 /* OdbcParameterDescriptor.m */ = {isa = PBXFileReference; fileEncoding = 4; lastKnownFileType = sourcecode.c.objc; path = OdbcParameterDescriptor.m; sourceTree = "<group>"; };
		6A27E2AC17D8FCAF0070E6B7 /* OdbcPrepareDescriptor.h */ = {isa = PBXFileReference; fileEncoding = 4; lastKnownFileType = sourcecode.c.h; path = OdbcPrepareDescriptor.h; sourceTree = "<group>"; };
		6A27E2AE17D8FCAF0070E6B7 /* OdbcResultDescriptor.h */ = {isa = PBXFileReference; fileEncoding = 4; lastKnownFileType = sourcecode.c.h; path = OdbcResultDescriptor.h; sourceTree = "<group>"; };
		6A27E2AF17D8FCAF0070E6B7 /* OdbcResultDescriptor.m */ = {isa = PBXFileReference; fileEncoding = 4; lastKnownFileType = sourcecode.c.objc; path = OdbcResultDescriptor.m; sourceTree = "<group>"; };
		6A27E2B017D8FCAF0070E6B7 /* OdbcStatement.h */ = {isa = PBXFileReference; fileEncoding = 4; lastKnownFileType = sourcecode.c.h; path = OdbcStatement.h; sourceTree = "<group>"; };
		6A27E2B117D8FCAF0070E6B7 /* OdbcStatement.m */ = {isa = PBXFileReference; fileEncoding = 4; lastKnownFileType = sourcecode.c.objc; path = OdbcStatement.m; sourceTree = "<group>"; };
		6A2D3F3F17FAF4B200154AF4 /* SenTestingKit.framework */ = {isa = PBXFileReference; lastKnownFileType = wrapper.framework; name = SenTestingKit.framework; path = Library/Frameworks/SenTestingKit.framework; sourceTree = DEVELOPER_DIR; };
		6A38A131181AD36100876BDE /* TestConnect */ = {isa = PBXFileReference; explicitFileType = "compiled.mach-o.executable"; includeInIndex = 0; path = TestConnect; sourceTree = BUILT_PRODUCTS_DIR; };
		6A38A134181AD36100876BDE /* main.m */ = {isa = PBXFileReference; lastKnownFileType = sourcecode.c.objc; path = main.m; sourceTree = "<group>"; };
		6A3947EE18196F5F0049B34C /* index.markdown */ = {isa = PBXFileReference; fileEncoding = 4; lastKnownFileType = text; name = index.markdown; path = Odbc/index.markdown; sourceTree = "<group>"; };
		6A5901C9182150350090ED57 /* libParseKit.a */ = {isa = PBXFileReference; lastKnownFileType = archive.ar; name = libParseKit.a; path = ParseKit/libParseKit.a; sourceTree = "<group>"; };
		6A5901CB182152F80090ED57 /* PKParser.h */ = {isa = PBXFileReference; fileEncoding = 4; lastKnownFileType = sourcecode.c.h; name = PKParser.h; path = ParseKit/PKParser.h; sourceTree = "<group>"; };
		6A5901CC182152F80090ED57 /* PKParserFactory.h */ = {isa = PBXFileReference; fileEncoding = 4; lastKnownFileType = sourcecode.c.h; name = PKParserFactory.h; path = ParseKit/PKParserFactory.h; sourceTree = "<group>"; };
		6A5901CD182152F80090ED57 /* PKParseTree.h */ = {isa = PBXFileReference; fileEncoding = 4; lastKnownFileType = sourcecode.c.h; name = PKParseTree.h; path = ParseKit/PKParseTree.h; sourceTree = "<group>"; };
		6A5901CE182152F80090ED57 /* PKParseTreeAssembler.h */ = {isa = PBXFileReference; fileEncoding = 4; lastKnownFileType = sourcecode.c.h; name = PKParseTreeAssembler.h; path = ParseKit/PKParseTreeAssembler.h; sourceTree = "<group>"; };
		6A5901CF182152F80090ED57 /* PKRuleNode.h */ = {isa = PBXFileReference; fileEncoding = 4; lastKnownFileType = sourcecode.c.h; name = PKRuleNode.h; path = ParseKit/PKRuleNode.h; sourceTree = "<group>"; };
		6A5901D0182152F80090ED57 /* PKToken.h */ = {isa = PBXFileReference; fileEncoding = 4; lastKnownFileType = sourcecode.c.h; name = PKToken.h; path = ParseKit/PKToken.h; sourceTree = "<group>"; };
		6A5901D1182152F80090ED57 /* PKTypes.h */ = {isa = PBXFileReference; fileEncoding = 4; lastKnownFileType = sourcecode.c.h; name = PKTypes.h; path = ParseKit/PKTypes.h; sourceTree = "<group>"; };
		6A5901D9182153820090ED57 /* PKTokenNode.h */ = {isa = PBXFileReference; fileEncoding = 4; lastKnownFileType = sourcecode.c.h; name = PKTokenNode.h; path = ParseKit/PKTokenNode.h; sourceTree = "<group>"; };
		6A5901DB182158C40090ED57 /* NSArray+ParseKitAdditions.h */ = {isa = PBXFileReference; fileEncoding = 4; lastKnownFileType = sourcecode.c.h; name = "NSArray+ParseKitAdditions.h"; path = "ParseKit/NSArray+ParseKitAdditions.h"; sourceTree = "<group>"; };
		6A5901DC182158C40090ED57 /* NSMutableSet+ParseKitAdditions.h */ = {isa = PBXFileReference; fileEncoding = 4; lastKnownFileType = sourcecode.c.h; name = "NSMutableSet+ParseKitAdditions.h"; path = "ParseKit/NSMutableSet+ParseKitAdditions.h"; sourceTree = "<group>"; };
		6A5901DD182158C40090ED57 /* NSString+ParseKitAdditions.h */ = {isa = PBXFileReference; fileEncoding = 4; lastKnownFileType = sourcecode.c.h; name = "NSString+ParseKitAdditions.h"; path = "ParseKit/NSString+ParseKitAdditions.h"; sourceTree = "<group>"; };
		6A5901E518215A770090ED57 /* NSArray+ParseKitAdditions.m */ = {isa = PBXFileReference; fileEncoding = 4; lastKnownFileType = sourcecode.c.objc; name = "NSArray+ParseKitAdditions.m"; path = "ParseKit/NSArray+ParseKitAdditions.m"; sourceTree = "<group>"; };
		6A5901E618215A770090ED57 /* NSMutableSet+ParseKitAdditions.m */ = {isa = PBXFileReference; fileEncoding = 4; lastKnownFileType = sourcecode.c.objc; name = "NSMutableSet+ParseKitAdditions.m"; path = "ParseKit/NSMutableSet+ParseKitAdditions.m"; sourceTree = "<group>"; };
		6A5901E718215A770090ED57 /* NSString+ParseKitAdditions.m */ = {isa = PBXFileReference; fileEncoding = 4; lastKnownFileType = sourcecode.c.objc; name = "NSString+ParseKitAdditions.m"; path = "ParseKit/NSString+ParseKitAdditions.m"; sourceTree = "<group>"; };
		6A5EE5E518032FE8005E5942 /* OdbcStore.h */ = {isa = PBXFileReference; fileEncoding = 4; lastKnownFileType = sourcecode.c.h; path = OdbcStore.h; sourceTree = "<group>"; };
		6A5EE5E618032FE8005E5942 /* OdbcStore.m */ = {isa = PBXFileReference; fileEncoding = 4; lastKnownFileType = sourcecode.c.objc; path = OdbcStore.m; sourceTree = "<group>"; };
		6A5EE5E718032FE8005E5942 /* OdbcStoreDatabase.h */ = {isa = PBXFileReference; fileEncoding = 4; lastKnownFileType = sourcecode.c.h; path = OdbcStoreDatabase.h; sourceTree = "<group>"; };
		6A5EE5E818032FE8005E5942 /* OdbcStoreDatabase.m */ = {isa = PBXFileReference; fileEncoding = 4; lastKnownFileType = sourcecode.c.objc; path = OdbcStoreDatabase.m; sourceTree = "<group>"; };
		6A5EE5E918032FE8005E5942 /* OdbcUrl.h */ = {isa = PBXFileReference; fileEncoding = 4; lastKnownFileType = sourcecode.c.h; path = OdbcUrl.h; sourceTree = "<group>"; };
		6A5EE5EA18032FE8005E5942 /* OdbcUrl.m */ = {isa = PBXFileReference; fileEncoding = 4; lastKnownFileType = sourcecode.c.objc; path = OdbcUrl.m; sourceTree = "<group>"; };
		6A5EE5F51803308C005E5942 /* OdbcExample.app */ = {isa = PBXFileReference; explicitFileType = wrapper.application; includeInIndex = 0; path = OdbcExample.app; sourceTree = BUILT_PRODUCTS_DIR; };
		6A5EE5F91803308C005E5942 /* OdbcExample-Info.plist */ = {isa = PBXFileReference; lastKnownFileType = text.plist.xml; path = "OdbcExample-Info.plist"; sourceTree = "<group>"; };
		6A5EE5FB1803308C005E5942 /* en */ = {isa = PBXFileReference; lastKnownFileType = text.plist.strings; name = en; path = en.lproj/InfoPlist.strings; sourceTree = "<group>"; };
		6A5EE5FD1803308C005E5942 /* main.m */ = {isa = PBXFileReference; lastKnownFileType = sourcecode.c.objc; path = main.m; sourceTree = "<group>"; };
		6A5EE5FF1803308C005E5942 /* OdbcExample-Prefix.pch */ = {isa = PBXFileReference; lastKnownFileType = sourcecode.c.h; path = "OdbcExample-Prefix.pch"; sourceTree = "<group>"; };
		6A5EE6011803308C005E5942 /* en */ = {isa = PBXFileReference; lastKnownFileType = text.rtf; name = en; path = en.lproj/Credits.rtf; sourceTree = "<group>"; };
		6A5EE6031803308C005E5942 /* AppDelegate.h */ = {isa = PBXFileReference; lastKnownFileType = sourcecode.c.h; path = AppDelegate.h; sourceTree = "<group>"; };
		6A5EE6041803308C005E5942 /* AppDelegate.m */ = {isa = PBXFileReference; lastKnownFileType = sourcecode.c.objc; path = AppDelegate.m; sourceTree = "<group>"; };
		6A5EE6071803308D005E5942 /* en */ = {isa = PBXFileReference; lastKnownFileType = file.xib; name = en; path = en.lproj/MainMenu.xib; sourceTree = "<group>"; };
		6A5EE60F180331D8005E5942 /* AuthorBooksController.h */ = {isa = PBXFileReference; fileEncoding = 4; lastKnownFileType = sourcecode.c.h; path = AuthorBooksController.h; sourceTree = "<group>"; };
		6A5EE610180331D8005E5942 /* AuthorBooksController.m */ = {isa = PBXFileReference; fileEncoding = 4; lastKnownFileType = sourcecode.c.objc; path = AuthorBooksController.m; sourceTree = "<group>"; };
		6A5EE611180331D8005E5942 /* AuthorsController.h */ = {isa = PBXFileReference; fileEncoding = 4; lastKnownFileType = sourcecode.c.h; path = AuthorsController.h; sourceTree = "<group>"; };
		6A5EE612180331D8005E5942 /* AuthorsController.m */ = {isa = PBXFileReference; fileEncoding = 4; lastKnownFileType = sourcecode.c.objc; path = AuthorsController.m; sourceTree = "<group>"; };
		6A5EE613180331D8005E5942 /* BookAuthorsController.h */ = {isa = PBXFileReference; fileEncoding = 4; lastKnownFileType = sourcecode.c.h; path = BookAuthorsController.h; sourceTree = "<group>"; };
		6A5EE614180331D8005E5942 /* BookAuthorsController.m */ = {isa = PBXFileReference; fileEncoding = 4; lastKnownFileType = sourcecode.c.objc; path = BookAuthorsController.m; sourceTree = "<group>"; };
		6A5EE615180331D8005E5942 /* BooksController.h */ = {isa = PBXFileReference; fileEncoding = 4; lastKnownFileType = sourcecode.c.h; path = BooksController.h; sourceTree = "<group>"; };
		6A5EE616180331D8005E5942 /* BooksController.m */ = {isa = PBXFileReference; fileEncoding = 4; lastKnownFileType = sourcecode.c.objc; path = BooksController.m; sourceTree = "<group>"; };
		6A5EE62318036DE9005E5942 /* OdbcExample.xcdatamodel */ = {isa = PBXFileReference; lastKnownFileType = wrapper.xcdatamodel; path = OdbcExample.xcdatamodel; sourceTree = "<group>"; };
		6A5EE62518059B08005E5942 /* OdbcStoreTests.h */ = {isa = PBXFileReference; fileEncoding = 4; lastKnownFileType = sourcecode.c.h; path = OdbcStoreTests.h; sourceTree = "<group>"; };
		6A5EE62618059B08005E5942 /* OdbcStoreTests.m */ = {isa = PBXFileReference; fileEncoding = 4; lastKnownFileType = sourcecode.c.objc; path = OdbcStoreTests.m; sourceTree = "<group>"; };
		6A5EE62918059C64005E5942 /* OdbcStoreTests.xcdatamodel */ = {isa = PBXFileReference; lastKnownFileType = wrapper.xcdatamodel; path = OdbcStoreTests.xcdatamodel; sourceTree = "<group>"; };
		6A5EE6301806062D005E5942 /* Author.h */ = {isa = PBXFileReference; fileEncoding = 4; lastKnownFileType = sourcecode.c.h; path = Author.h; sourceTree = "<group>"; };
		6A5EE6311806062D005E5942 /* Author.m */ = {isa = PBXFileReference; fileEncoding = 4; lastKnownFileType = sourcecode.c.objc; path = Author.m; sourceTree = "<group>"; };
		6A5EE6331806067E005E5942 /* Book.h */ = {isa = PBXFileReference; fileEncoding = 4; lastKnownFileType = sourcecode.c.h; path = Book.h; sourceTree = "<group>"; };
		6A5EE6341806067E005E5942 /* Book.m */ = {isa = PBXFileReference; fileEncoding = 4; lastKnownFileType = sourcecode.c.objc; path = Book.m; sourceTree = "<group>"; };
		6A5EE636180706F0005E5942 /* OdbcAppDelegate.h */ = {isa = PBXFileReference; fileEncoding = 4; lastKnownFileType = sourcecode.c.h; path = OdbcAppDelegate.h; sourceTree = "<group>"; };
		6A5EE637180706F0005E5942 /* OdbcAppDelegate.m */ = {isa = PBXFileReference; fileEncoding = 4; lastKnownFileType = sourcecode.c.objc; path = OdbcAppDelegate.m; sourceTree = "<group>"; };
		6A66EB271831392000CDD93E /* OdbcArrayController.h */ = {isa = PBXFileReference; fileEncoding = 4; lastKnownFileType = sourcecode.c.h; path = OdbcArrayController.h; sourceTree = "<group>"; };
		6A66EB281831392000CDD93E /* OdbcArrayController.m */ = {isa = PBXFileReference; fileEncoding = 4; lastKnownFileType = sourcecode.c.objc; path = OdbcArrayController.m; sourceTree = "<group>"; };
		6A66EB2F1835480200CDD93E /* OdbcDocument.h */ = {isa = PBXFileReference; fileEncoding = 4; lastKnownFileType = sourcecode.c.h; path = OdbcDocument.h; sourceTree = "<group>"; };
		6A66EB301835480200CDD93E /* OdbcDocument.m */ = {isa = PBXFileReference; fileEncoding = 4; lastKnownFileType = sourcecode.c.objc; path = OdbcDocument.m; sourceTree = "<group>"; };
		6A744FAB17F78CD6000793B2 /* Odbc-Prefix.pch */ = {isa = PBXFileReference; fileEncoding = 4; lastKnownFileType = sourcecode.c.h; path = "Odbc-Prefix.pch"; sourceTree = "<group>"; };
		6A744FAE17F795D9000793B2 /* Odbc-Info.plist */ = {isa = PBXFileReference; lastKnownFileType = text.plist.xml; path = "Odbc-Info.plist"; sourceTree = "<group>"; };
		6A744FB517F867E1000793B2 /* CoreFoundation.framework */ = {isa = PBXFileReference; lastKnownFileType = wrapper.framework; name = CoreFoundation.framework; path = System/Library/Frameworks/CoreFoundation.framework; sourceTree = SDKROOT; };
		6A744FC917F8E3E9000793B2 /* readme.markdown */ = {isa = PBXFileReference; fileEncoding = 4; lastKnownFileType = text; path = readme.markdown; sourceTree = "<group>"; };
		6A744FE617F9EC8F000793B2 /* OdbcTests.octest */ = {isa = PBXFileReference; explicitFileType = wrapper.cfbundle; includeInIndex = 0; path = OdbcTests.octest; sourceTree = BUILT_PRODUCTS_DIR; };
		6A744FF817FAED36000793B2 /* ConnectionTests.h */ = {isa = PBXFileReference; fileEncoding = 4; lastKnownFileType = sourcecode.c.h; path = ConnectionTests.h; sourceTree = "<group>"; };
		6A744FF917FAED36000793B2 /* ConnectionTests.m */ = {isa = PBXFileReference; fileEncoding = 4; lastKnownFileType = sourcecode.c.objc; path = ConnectionTests.m; sourceTree = "<group>"; };
		6A744FFB17FAEDBE000793B2 /* OdbcTests.h */ = {isa = PBXFileReference; fileEncoding = 4; lastKnownFileType = sourcecode.c.h; path = OdbcTests.h; sourceTree = "<group>"; };
		6A744FFC17FAEDBE000793B2 /* OdbcTests.m */ = {isa = PBXFileReference; fileEncoding = 4; lastKnownFileType = sourcecode.c.objc; path = OdbcTests.m; sourceTree = "<group>"; };
		6A74500017FAEDFA000793B2 /* OdbcTests-Info.plist */ = {isa = PBXFileReference; fileEncoding = 4; lastKnownFileType = text.plist.xml; path = "OdbcTests-Info.plist"; sourceTree = "<group>"; };
		6A74500117FAEDFA000793B2 /* OdbcTests-Prefix.pch */ = {isa = PBXFileReference; fileEncoding = 4; lastKnownFileType = sourcecode.c.h; path = "OdbcTests-Prefix.pch"; sourceTree = "<group>"; };
		6A74500517FAEE6F000793B2 /* en */ = {isa = PBXFileReference; lastKnownFileType = text.plist.strings; name = en; path = en.lproj/InfoPlist.strings; sourceTree = "<group>"; };
		6AA4548C17FAFFAD00BB2EC9 /* StatementTests.h */ = {isa = PBXFileReference; fileEncoding = 4; lastKnownFileType = sourcecode.c.h; path = StatementTests.h; sourceTree = "<group>"; };
		6AA4548D17FAFFAD00BB2EC9 /* StatementTests.m */ = {isa = PBXFileReference; fileEncoding = 4; lastKnownFileType = sourcecode.c.objc; path = StatementTests.m; sourceTree = "<group>"; };
		6ABB002E17F1E18100AF8BFB /* OdbcPrepareDescriptor.m */ = {isa = PBXFileReference; fileEncoding = 4; lastKnownFileType = sourcecode.c.objc; path = OdbcPrepareDescriptor.m; sourceTree = "<group>"; };
		6AF8178918106475004F9042 /* OdbcPredicate.grammar */ = {isa = PBXFileReference; fileEncoding = 4; lastKnownFileType = text; path = OdbcPredicate.grammar; sourceTree = "<group>"; };
		6AF8178A18106475004F9042 /* OdbcPredicate.h */ = {isa = PBXFileReference; fileEncoding = 4; lastKnownFileType = sourcecode.c.h; path = OdbcPredicate.h; sourceTree = "<group>"; };
		6AF8178B18106475004F9042 /* OdbcPredicate.m */ = {isa = PBXFileReference; fileEncoding = 4; lastKnownFileType = sourcecode.c.objc; path = OdbcPredicate.m; sourceTree = "<group>"; };
/* End PBXFileReference section */

/* Begin PBXFrameworksBuildPhase section */
		6A27E28617D8FC490070E6B7 /* Frameworks */ = {
			isa = PBXFrameworksBuildPhase;
			buildActionMask = 2147483647;
			files = (
				6A27E28E17D8FC490070E6B7 /* Cocoa.framework in Frameworks */,
				6A1F1A1517F0EA980019B7CC /* iODBC.framework in Frameworks */,
				6A5901CA182150350090ED57 /* libParseKit.a in Frameworks */,
			);
			runOnlyForDeploymentPostprocessing = 0;
		};
		6A38A12E181AD36100876BDE /* Frameworks */ = {
			isa = PBXFrameworksBuildPhase;
			buildActionMask = 2147483647;
			files = (
				6A38A132181AD36100876BDE /* CoreFoundation.framework in Frameworks */,
				6A38A13B181AD6CF00876BDE /* iODBC.framework in Frameworks */,
			);
			runOnlyForDeploymentPostprocessing = 0;
		};
		6A5EE5F21803308C005E5942 /* Frameworks */ = {
			isa = PBXFrameworksBuildPhase;
			buildActionMask = 2147483647;
			files = (
				6A5EE5F61803308C005E5942 /* Cocoa.framework in Frameworks */,
				6A5EE61E180332B2005E5942 /* Odbc.framework in Frameworks */,
			);
			runOnlyForDeploymentPostprocessing = 0;
		};
		6A744FE217F9EC8F000793B2 /* Frameworks */ = {
			isa = PBXFrameworksBuildPhase;
			buildActionMask = 2147483647;
			files = (
				6A744FE917F9EC8F000793B2 /* Cocoa.framework in Frameworks */,
				6A744FF717F9ECC2000793B2 /* Odbc.framework in Frameworks */,
				6A2D3F4017FAF4B200154AF4 /* SenTestingKit.framework in Frameworks */,
			);
			runOnlyForDeploymentPostprocessing = 0;
		};
/* End PBXFrameworksBuildPhase section */

/* Begin PBXGroup section */
		6A27E28017D8FC490070E6B7 = {
			isa = PBXGroup;
			children = (
				6A3947EE18196F5F0049B34C /* index.markdown */,
				6A744FC917F8E3E9000793B2 /* readme.markdown */,
				6A27E29317D8FC490070E6B7 /* Odbc */,
				6A744FEA17F9EC8F000793B2 /* OdbcTests */,
				6A5EE5F71803308C005E5942 /* OdbcExample */,
				6A38A133181AD36100876BDE /* TestConnect */,
				6A27E28C17D8FC490070E6B7 /* Frameworks */,
				6A27E28B17D8FC490070E6B7 /* Products */,
			);
			sourceTree = "<group>";
		};
		6A27E28B17D8FC490070E6B7 /* Products */ = {
			isa = PBXGroup;
			children = (
				6A27E28A17D8FC490070E6B7 /* Odbc.framework */,
				6A744FE617F9EC8F000793B2 /* OdbcTests.octest */,
				6A5EE5F51803308C005E5942 /* OdbcExample.app */,
				6A38A131181AD36100876BDE /* TestConnect */,
			);
			name = Products;
			sourceTree = "<group>";
		};
		6A27E28C17D8FC490070E6B7 /* Frameworks */ = {
			isa = PBXGroup;
			children = (
				6A2D3F3F17FAF4B200154AF4 /* SenTestingKit.framework */,
				6A1F1A1417F0EA980019B7CC /* iODBC.framework */,
				6A27E28D17D8FC490070E6B7 /* Cocoa.framework */,
				6A744FB517F867E1000793B2 /* CoreFoundation.framework */,
				6A27E28F17D8FC490070E6B7 /* Other Frameworks */,
			);
			name = Frameworks;
			sourceTree = "<group>";
		};
		6A27E28F17D8FC490070E6B7 /* Other Frameworks */ = {
			isa = PBXGroup;
			children = (
				6A27E29017D8FC490070E6B7 /* AppKit.framework */,
				6A27E29117D8FC490070E6B7 /* CoreData.framework */,
				6A27E29217D8FC490070E6B7 /* Foundation.framework */,
			);
			name = "Other Frameworks";
			sourceTree = "<group>";
		};
		6A27E29317D8FC490070E6B7 /* Odbc */ = {
			isa = PBXGroup;
			children = (
				6A5901C818214FF70090ED57 /* ParseKit */,
				6A27E29A17D8FC490070E6B7 /* Odbc.h */,
				6AF8178918106475004F9042 /* OdbcPredicate.grammar */,
				6AF8178A18106475004F9042 /* OdbcPredicate.h */,
				6AF8178B18106475004F9042 /* OdbcPredicate.m */,
				6A5EE636180706F0005E5942 /* OdbcAppDelegate.h */,
				6A5EE637180706F0005E5942 /* OdbcAppDelegate.m */,
				6A66EB2F1835480200CDD93E /* OdbcDocument.h */,
				6A66EB301835480200CDD93E /* OdbcDocument.m */,
				6A66EB271831392000CDD93E /* OdbcArrayController.h */,
				6A66EB281831392000CDD93E /* OdbcArrayController.m */,
				6A27E2A217D8FCAF0070E6B7 /* OdbcColumnDescriptor.h */,
				6A27E2A317D8FCAF0070E6B7 /* OdbcColumnDescriptor.m */,
				6A27E2A417D8FCAF0070E6B7 /* OdbcConnection.h */,
				6A27E2A517D8FCAF0070E6B7 /* OdbcConnection.m */,
				6A27E2A617D8FCAF0070E6B7 /* OdbcEnvironment.h */,
				6A27E2A717D8FCAF0070E6B7 /* OdbcEnvironment.m */,
				6A27E2A817D8FCAF0070E6B7 /* OdbcException.h */,
				6A27E2A917D8FCAF0070E6B7 /* OdbcException.m */,
				6A27E2AA17D8FCAF0070E6B7 /* OdbcParameterDescriptor.h */,
				6A27E2AB17D8FCAF0070E6B7 /* OdbcParameterDescriptor.m */,
				6A27E2AC17D8FCAF0070E6B7 /* OdbcPrepareDescriptor.h */,
				6ABB002E17F1E18100AF8BFB /* OdbcPrepareDescriptor.m */,
				6A27E2AE17D8FCAF0070E6B7 /* OdbcResultDescriptor.h */,
				6A27E2AF17D8FCAF0070E6B7 /* OdbcResultDescriptor.m */,
				6A27E2B017D8FCAF0070E6B7 /* OdbcStatement.h */,
				6A27E2B117D8FCAF0070E6B7 /* OdbcStatement.m */,
				6A5EE5E518032FE8005E5942 /* OdbcStore.h */,
				6A5EE5E618032FE8005E5942 /* OdbcStore.m */,
				6A5EE5E718032FE8005E5942 /* OdbcStoreDatabase.h */,
				6A5EE5E818032FE8005E5942 /* OdbcStoreDatabase.m */,
				6A5EE5E918032FE8005E5942 /* OdbcUrl.h */,
				6A5EE5EA18032FE8005E5942 /* OdbcUrl.m */,
				6A27E29417D8FC490070E6B7 /* Supporting Files */,
			);
			path = Odbc;
			sourceTree = "<group>";
		};
		6A27E29417D8FC490070E6B7 /* Supporting Files */ = {
			isa = PBXGroup;
			children = (
				6A744FAE17F795D9000793B2 /* Odbc-Info.plist */,
				6A744FAB17F78CD6000793B2 /* Odbc-Prefix.pch */,
				6A27E29617D8FC490070E6B7 /* InfoPlist.strings */,
			);
			name = "Supporting Files";
			sourceTree = "<group>";
		};
		6A38A133181AD36100876BDE /* TestConnect */ = {
			isa = PBXGroup;
			children = (
				6A38A134181AD36100876BDE /* main.m */,
			);
			path = TestConnect;
			sourceTree = "<group>";
		};
		6A5901C818214FF70090ED57 /* ParseKit */ = {
			isa = PBXGroup;
			children = (
				6A5901E518215A770090ED57 /* NSArray+ParseKitAdditions.m */,
				6A5901E618215A770090ED57 /* NSMutableSet+ParseKitAdditions.m */,
				6A5901E718215A770090ED57 /* NSString+ParseKitAdditions.m */,
				6A5901DB182158C40090ED57 /* NSArray+ParseKitAdditions.h */,
				6A5901DC182158C40090ED57 /* NSMutableSet+ParseKitAdditions.h */,
				6A5901DD182158C40090ED57 /* NSString+ParseKitAdditions.h */,
				6A5901D9182153820090ED57 /* PKTokenNode.h */,
				6A5901CB182152F80090ED57 /* PKParser.h */,
				6A5901CC182152F80090ED57 /* PKParserFactory.h */,
				6A5901CD182152F80090ED57 /* PKParseTree.h */,
				6A5901CE182152F80090ED57 /* PKParseTreeAssembler.h */,
				6A5901CF182152F80090ED57 /* PKRuleNode.h */,
				6A5901D0182152F80090ED57 /* PKToken.h */,
				6A5901D1182152F80090ED57 /* PKTypes.h */,
				6A5901C9182150350090ED57 /* libParseKit.a */,
			);
			name = ParseKit;
			sourceTree = "<group>";
		};
		6A5EE5F71803308C005E5942 /* OdbcExample */ = {
			isa = PBXGroup;
			children = (
				6A5EE60F180331D8005E5942 /* AuthorBooksController.h */,
				6A5EE610180331D8005E5942 /* AuthorBooksController.m */,
				6A5EE611180331D8005E5942 /* AuthorsController.h */,
				6A5EE612180331D8005E5942 /* AuthorsController.m */,
				6A5EE6031803308C005E5942 /* AppDelegate.h */,
				6A5EE6041803308C005E5942 /* AppDelegate.m */,
				6A5EE613180331D8005E5942 /* BookAuthorsController.h */,
				6A5EE614180331D8005E5942 /* BookAuthorsController.m */,
				6A5EE615180331D8005E5942 /* BooksController.h */,
				6A5EE616180331D8005E5942 /* BooksController.m */,
				6A5EE6061803308D005E5942 /* MainMenu.xib */,
				6A5EE62218036DE9005E5942 /* OdbcExample.xcdatamodeld */,
				6A5EE5F81803308C005E5942 /* Supporting Files */,
			);
			path = OdbcExample;
			sourceTree = "<group>";
		};
		6A5EE5F81803308C005E5942 /* Supporting Files */ = {
			isa = PBXGroup;
			children = (
				6A5EE5F91803308C005E5942 /* OdbcExample-Info.plist */,
				6A5EE5FA1803308C005E5942 /* InfoPlist.strings */,
				6A5EE5FD1803308C005E5942 /* main.m */,
				6A5EE5FF1803308C005E5942 /* OdbcExample-Prefix.pch */,
				6A5EE6001803308C005E5942 /* Credits.rtf */,
			);
			name = "Supporting Files";
			sourceTree = "<group>";
		};
		6A744FEA17F9EC8F000793B2 /* OdbcTests */ = {
			isa = PBXGroup;
			children = (
				6A5EE6301806062D005E5942 /* Author.h */,
				6A5EE6311806062D005E5942 /* Author.m */,
				6A5EE6331806067E005E5942 /* Book.h */,
				6A5EE6341806067E005E5942 /* Book.m */,
				6A744FFB17FAEDBE000793B2 /* OdbcTests.h */,
				6A744FFC17FAEDBE000793B2 /* OdbcTests.m */,
				6A744FF817FAED36000793B2 /* ConnectionTests.h */,
				6A744FF917FAED36000793B2 /* ConnectionTests.m */,
				6A5EE62818059C64005E5942 /* OdbcStoreTests.xcdatamodeld */,
				6A5EE62518059B08005E5942 /* OdbcStoreTests.h */,
				6A5EE62618059B08005E5942 /* OdbcStoreTests.m */,
				6AA4548C17FAFFAD00BB2EC9 /* StatementTests.h */,
				6AA4548D17FAFFAD00BB2EC9 /* StatementTests.m */,
				6A744FEB17F9EC90000793B2 /* Supporting Files */,
			);
			path = OdbcTests;
			sourceTree = "<group>";
		};
		6A744FEB17F9EC90000793B2 /* Supporting Files */ = {
			isa = PBXGroup;
			children = (
				6A74500417FAEE6F000793B2 /* InfoPlist.strings */,
				6A74500017FAEDFA000793B2 /* OdbcTests-Info.plist */,
				6A74500117FAEDFA000793B2 /* OdbcTests-Prefix.pch */,
			);
			name = "Supporting Files";
			sourceTree = "<group>";
		};
/* End PBXGroup section */

/* Begin PBXHeadersBuildPhase section */
		6A27E28717D8FC490070E6B7 /* Headers */ = {
			isa = PBXHeadersBuildPhase;
			buildActionMask = 2147483647;
			files = (
				6A27E2B217D8FCAF0070E6B7 /* OdbcColumnDescriptor.h in Headers */,
				6A27E2B417D8FCAF0070E6B7 /* OdbcConnection.h in Headers */,
				6A27E2B617D8FCAF0070E6B7 /* OdbcEnvironment.h in Headers */,
				6A27E2B817D8FCAF0070E6B7 /* OdbcException.h in Headers */,
				6A27E2BA17D8FCAF0070E6B7 /* OdbcParameterDescriptor.h in Headers */,
				6A27E2BC17D8FCAF0070E6B7 /* OdbcPrepareDescriptor.h in Headers */,
				6A27E2BE17D8FCAF0070E6B7 /* OdbcResultDescriptor.h in Headers */,
				6A27E2C017D8FCAF0070E6B7 /* OdbcStatement.h in Headers */,
				6A27E2CA17D90EC20070E6B7 /* Odbc.h in Headers */,
				6A744FAC17F78CD6000793B2 /* Odbc-Prefix.pch in Headers */,
				6A5EE5EB18032FE8005E5942 /* OdbcStore.h in Headers */,
				6A5EE5ED18032FE8005E5942 /* OdbcStoreDatabase.h in Headers */,
				6A5EE5EF18032FE8005E5942 /* OdbcUrl.h in Headers */,
				6A5EE638180706F0005E5942 /* OdbcAppDelegate.h in Headers */,
				6AF8178D18106475004F9042 /* OdbcPredicate.h in Headers */,
				6A5901D2182152F80090ED57 /* PKParser.h in Headers */,
				6A5901D3182152F80090ED57 /* PKParserFactory.h in Headers */,
				6A5901D4182152F80090ED57 /* PKParseTree.h in Headers */,
				6A5901D5182152F80090ED57 /* PKParseTreeAssembler.h in Headers */,
				6A5901D6182152F80090ED57 /* PKRuleNode.h in Headers */,
				6A5901D7182152F80090ED57 /* PKToken.h in Headers */,
				6A5901D8182152F80090ED57 /* PKTypes.h in Headers */,
				6A5901DA182153820090ED57 /* PKTokenNode.h in Headers */,
				6A5901DE182158C40090ED57 /* NSArray+ParseKitAdditions.h in Headers */,
				6A5901DF182158C40090ED57 /* NSMutableSet+ParseKitAdditions.h in Headers */,
				6A5901E0182158C40090ED57 /* NSString+ParseKitAdditions.h in Headers */,
				6A66EB291831392000CDD93E /* OdbcArrayController.h in Headers */,
				6A66EB321835480200CDD93E /* OdbcDocument.h in Headers */,
			);
			runOnlyForDeploymentPostprocessing = 0;
		};
/* End PBXHeadersBuildPhase section */

/* Begin PBXNativeTarget section */
		6A27E28917D8FC490070E6B7 /* Odbc */ = {
			isa = PBXNativeTarget;
			buildConfigurationList = 6A27E29F17D8FC490070E6B7 /* Build configuration list for PBXNativeTarget "Odbc" */;
			buildPhases = (
				6A27E28517D8FC490070E6B7 /* Sources */,
				6A27E28617D8FC490070E6B7 /* Frameworks */,
				6A27E28717D8FC490070E6B7 /* Headers */,
				6A27E28817D8FC490070E6B7 /* Resources */,
				6A744FAD17F79478000793B2 /* ShellScript */,
				6A744FAF17F8621A000793B2 /* ShellScript */,
				6AF817CC18108A66004F9042 /* ShellScript */,
			);
			buildRules = (
			);
			dependencies = (
			);
			name = Odbc;
			productName = Odbc;
			productReference = 6A27E28A17D8FC490070E6B7 /* Odbc.framework */;
			productType = "com.apple.product-type.framework";
		};
		6A38A130181AD36100876BDE /* TestConnect */ = {
			isa = PBXNativeTarget;
			buildConfigurationList = 6A38A13A181AD36100876BDE /* Build configuration list for PBXNativeTarget "TestConnect" */;
			buildPhases = (
				6A38A12D181AD36100876BDE /* Sources */,
				6A38A12E181AD36100876BDE /* Frameworks */,
				6A38A12F181AD36100876BDE /* CopyFiles */,
				6A38A13D181ADE2700876BDE /* ShellScript */,
			);
			buildRules = (
			);
			dependencies = (
			);
			name = TestConnect;
			productName = TestConnect;
			productReference = 6A38A131181AD36100876BDE /* TestConnect */;
			productType = "com.apple.product-type.tool";
		};
		6A5EE5F41803308C005E5942 /* OdbcExample */ = {
			isa = PBXNativeTarget;
			buildConfigurationList = 6A5EE60C1803308D005E5942 /* Build configuration list for PBXNativeTarget "OdbcExample" */;
			buildPhases = (
				6A5EE5F11803308C005E5942 /* Sources */,
				6A5EE5F21803308C005E5942 /* Frameworks */,
				6A5EE5F31803308C005E5942 /* Resources */,
			);
			buildRules = (
			);
			dependencies = (
			);
			name = OdbcExample;
			productName = OdbcExample;
			productReference = 6A5EE5F51803308C005E5942 /* OdbcExample.app */;
			productType = "com.apple.product-type.application";
		};
		6A744FE517F9EC8F000793B2 /* OdbcTests */ = {
			isa = PBXNativeTarget;
			buildConfigurationList = 6A744FF417F9EC90000793B2 /* Build configuration list for PBXNativeTarget "OdbcTests" */;
			buildPhases = (
				6A744FE117F9EC8F000793B2 /* Sources */,
				6A744FE217F9EC8F000793B2 /* Frameworks */,
				6A744FE317F9EC8F000793B2 /* Resources */,
				6A744FE417F9EC8F000793B2 /* ShellScript */,
			);
			buildRules = (
				6A5EE62C1805BFCC005E5942 /* PBXBuildRule */,
			);
			dependencies = (
			);
			name = OdbcTests;
			productName = OdbcTests;
			productReference = 6A744FE617F9EC8F000793B2 /* OdbcTests.octest */;
			productType = "com.apple.product-type.bundle";
		};
/* End PBXNativeTarget section */

/* Begin PBXProject section */
		6A27E28117D8FC490070E6B7 /* Project object */ = {
			isa = PBXProject;
			attributes = {
				LastUpgradeCheck = 0500;
				ORGANIZATIONNAME = "Mikael Hakman";
			};
			buildConfigurationList = 6A27E28417D8FC490070E6B7 /* Build configuration list for PBXProject "Odbc" */;
			compatibilityVersion = "Xcode 3.2";
			developmentRegion = English;
			hasScannedForEncodings = 0;
			knownRegions = (
				en,
			);
			mainGroup = 6A27E28017D8FC490070E6B7;
			productRefGroup = 6A27E28B17D8FC490070E6B7 /* Products */;
			projectDirPath = "";
			projectRoot = "";
			targets = (
				6A27E28917D8FC490070E6B7 /* Odbc */,
				6A744FC417F8E1D6000793B2 /* OdbcDocumentation */,
				6A5EE5F41803308C005E5942 /* OdbcExample */,
				6A744FE517F9EC8F000793B2 /* OdbcTests */,
				6A38A130181AD36100876BDE /* TestConnect */,
			);
		};
/* End PBXProject section */

/* Begin PBXResourcesBuildPhase section */
		6A27E28817D8FC490070E6B7 /* Resources */ = {
			isa = PBXResourcesBuildPhase;
			buildActionMask = 2147483647;
			files = (
				6A27E29817D8FC490070E6B7 /* InfoPlist.strings in Resources */,
				6AF8178C18106475004F9042 /* OdbcPredicate.grammar in Resources */,
				6A3947EF18196F600049B34C /* index.markdown in Resources */,
			);
			runOnlyForDeploymentPostprocessing = 0;
		};
		6A5EE5F31803308C005E5942 /* Resources */ = {
			isa = PBXResourcesBuildPhase;
			buildActionMask = 2147483647;
			files = (
				6A5EE5FC1803308C005E5942 /* InfoPlist.strings in Resources */,
				6A5EE6021803308C005E5942 /* Credits.rtf in Resources */,
				6A5EE6081803308D005E5942 /* MainMenu.xib in Resources */,
			);
			runOnlyForDeploymentPostprocessing = 0;
		};
		6A744FE317F9EC8F000793B2 /* Resources */ = {
			isa = PBXResourcesBuildPhase;
			buildActionMask = 2147483647;
			files = (
				6A74500617FAEE6F000793B2 /* InfoPlist.strings in Resources */,
			);
			runOnlyForDeploymentPostprocessing = 0;
		};
/* End PBXResourcesBuildPhase section */

/* Begin PBXShellScriptBuildPhase section */
		6A38A13D181ADE2700876BDE /* ShellScript */ = {
			isa = PBXShellScriptBuildPhase;
			buildActionMask = 2147483647;
			files = (
			);
			inputPaths = (
			);
			outputPaths = (
			);
			runOnlyForDeploymentPostprocessing = 0;
			shellPath = /bin/sh;
			shellScript = "cp \"$TARGET_BUILD_DIR/$TARGET_NAME\" \"$PROJECT_DIR/${TARGET_NAME}App\"";
		};
		6A3947ED18196D170049B34C /* ShellScript */ = {
			isa = PBXShellScriptBuildPhase;
			buildActionMask = 2147483647;
			files = (
			);
			inputPaths = (
			);
			outputPaths = (
			);
			runOnlyForDeploymentPostprocessing = 0;
			shellPath = /bin/sh;
			shellScript = "cp -R \"${BUILD_DIR}/OdbcDocumentation/html\" \"${PROJECT_DIR}/\"";
		};
		6A5901EC1821D2670090ED57 /* ShellScript */ = {
			isa = PBXShellScriptBuildPhase;
			buildActionMask = 2147483647;
			files = (
			);
			inputPaths = (
			);
			outputPaths = (
			);
			runOnlyForDeploymentPostprocessing = 0;
			shellPath = /bin/sh;
			shellScript = "/usr/local/bin/appledoc \\\n--project-name \"${PROJECT_NAME}\" \\\n--project-company \"Datakonsulten AB\" \\\n--company-id \"com.dkab\" \\\n--output \"${BUILD_DIR}/OdbcUsersGuide\" \\\n--install-docset \\\n--logformat xcode \\\n--keep-undocumented-objects \\\n--keep-undocumented-members \\\n--keep-intermediate-files \\\n--no-repeat-first-par \\\n--no-warn-invalid-crossref \\\n--merge-categories \\\n--exit-threshold 2 \\\n--docset-platform-family iphoneos \\\n--ignore \"*.m\" \\\n--include \"${PROJECT_DIR}/docs/Images\" \\\n--index-desc \"${PROJECT_DIR}/readme.markdown\" \\\n--no-warn-undocumented-object \\\n--no-warn-undocumented-member \\\n--ignore OdbcPredicate.h \\\n--ignore OdbcColumnDescriptor.h \\\n--ignore OdbcEnvironment.h \\\n--ignore OdbcObject.h \\\n--ignore OdbcParameterDescriptor.h \\\n--ignore OdbcPrepareDescriptor.h \\\n--ignore OdbcResultDescriptor.h \\\n--ignore OdbcStoreDatabase.h \\\n--ignore OdbcUrl.h \\\n--ignore ParseKit \\\n\"${PROJECT_DIR}/${PROJECT_NAME}\"";
		};
		6A5901ED1821DB250090ED57 /* ShellScript */ = {
			isa = PBXShellScriptBuildPhase;
			buildActionMask = 2147483647;
			files = (
			);
			inputPaths = (
			);
			outputPaths = (
			);
			runOnlyForDeploymentPostprocessing = 0;
			shellPath = /bin/sh;
			shellScript = "cp \"${BUILD_DIR}/OdbcUsersGuide/html/index.html\" \"${PROJECT_DIR}/html/users_guide.html\"";
		};
		6A744FAD17F79478000793B2 /* ShellScript */ = {
			isa = PBXShellScriptBuildPhase;
			buildActionMask = 2147483647;
			files = (
			);
			inputPaths = (
			);
			outputPaths = (
			);
			runOnlyForDeploymentPostprocessing = 0;
			shellPath = /bin/sh;
			shellScript = "echo \"BUILD_DIR $BUILD_DIR\"\necho \"BUILD_ROOT $BUILD_ROOT\"\necho \"BUILT_PRODUCTS_DIR $BUILT_PRODUCTS_DIR\"\necho \"CONTENTS_FOLDER_PATH $CONTENTS_FOLDER_PATH\"\necho \"DERIVED_FILES_DIR $DERIVED_FILES_DIR\"\necho \"DERIVED_FILE_DIR $DERIVED_FILE_DIR\"\necho \"DERIVED_SOURCES_DIR $DERIVED_SOURCES_DIR\"\necho \"DOCUMENTATION_FOLDER_PATH $DOCUMENTATION_FOLDER_PATH\"\necho \"EXECUTABLES_FOLDER_PATH $EXECUTABLES_FOLDER_PATH\"\necho \"EXECUTABLE_FOLDER_PATH $EXECUTABLE_FOLDER_PATH\"\necho \"EXECUTABLE_NAME $EXECUTABLE_NAME\"\necho \"EXECUTABLE_PATH $EXECUTABLE_PATH\"\necho \"FRAMEWORKS_FOLDER_PATH $FRAMEWORKS_FOLDER_PATH\"\necho \"FRAMEWORK_SEARCH_PATHS $FRAMEWORK_SEARCH_PATHS\"\necho \"FRAMEWORK_VERSION $FRAMEWORK_VERSION\"\necho \"FULL_PRODUCT_NAME $FULL_PRODUCT_NAME\"\necho \"INPUT_FILE_BASE $INPUT_FILE_BASE\"\necho \"INPUT_FILE_DIR $INPUT_FILE_DIR\"\necho \"INPUT_FILE_NAME $INPUT_FILE_NAME\"\necho \"INPUT_FILE_PATH $INPUT_FILE_PATH\"\necho \"SCRIPT_INPUT_FILE $SCRIPT_INPUT_FILE\"\necho \"SCRIPT_OUTPUT_FILE_0 $SCRIPT_OUTPUT_FILE_0\"\necho \"HEADER_SEARCH_PATHS $HEADER_SEARCH_PATHS\"\necho \"INFOPLIST_FILE $INFOPLIST_FILE\"\necho \"INFOPLIST_PATH $INFOPLIST_PATH\"\necho \"INFOSTRINGS_PATH $INFOSTRINGS_PATH\"\necho \"INSTALL_DIR $INSTALL_DIR\"\necho \"INSTALL_PATH $INSTALL_PATH\"\necho \"INSTALL_ROOT $INSTALL_ROOT\"\necho \"LD_MAP_FILE_PATH $LD_MAP_FILE_PATH\"\necho \"LIBRARY_SEARCH_PATHS $LIBRARY_SEARCH_PATHS\"\necho \"PRODUCT_NAME $PRODUCT_NAME\"\necho \"PRODUCT_SETTINGS_PATH $PRODUCT_SETTINGS_PATH\"\necho \"PROJECT $PROJECT\"\necho \"PROJECT_DERIVED_FILE_DIR $PROJECT_DERIVED_FILE_DIR\"\necho \"PROJECT_DIR $PROJECT_DIR\"\necho \"PROJECT_FILE_PATH $PROJECT_FILE_PATH\"\necho \"PROJECT_NAME $PROJECT_NAME\"\necho \"PROJECT_TEMP_DIR $PROJECT_TEMP_DIR\"\necho \"SCRIPTS_FOLDER_PATH $SCRIPTS_FOLDER_PATH\"\necho \"SCRIPT_INPUT_FILE $SCRIPT_INPUT_FILE\"\necho \"SCRIPT_OUTPUT_FILE_0 $SCRIPT_OUTPUT_FILE_0\"\necho \"SOURCE_ROOT $SOURCE_ROOT\"\necho \"SRCROOT $SRCROOT\"\necho \"TARGETNAME $TARGETNAME\"\necho \"TARGET_BUILD_DIR $TARGET_BUILD_DIR\"\necho \"TARGET_NAME $TARGET_NAME\"\necho \"TARGET_TEMP_DIR $TARGET_TEMP_DIR\"\necho \"TEMP_DIR $TEMP_DIR\"\necho \"TEMP_FILES_DIR $TEMP_FILES_DIR\"\necho \"TEMP_FILE_DIR $TEMP_FILE_DIR\"\necho \"TEMP_ROOT $TEMP_ROOT\"\necho \"$TARGET_BUILD_DIR/$EXECUTABLE_FOLDER_PATH\"\necho \"$TARGET_BUILD_DIR/$FULL_PRODUCT_NAME/Versions/Current\"";
		};
		6A744FAF17F8621A000793B2 /* ShellScript */ = {
			isa = PBXShellScriptBuildPhase;
			buildActionMask = 2147483647;
			files = (
			);
			inputPaths = (
			);
			outputPaths = (
			);
			runOnlyForDeploymentPostprocessing = 0;
			shellPath = /bin/sh;
			shellScript = "ln -s -f -h \"$FRAMEWORK_VERSION\" \"$TARGET_BUILD_DIR/$FULL_PRODUCT_NAME/Versions/Current\"";
		};
		6A744FC817F8E215000793B2 /* ShellScript */ = {
			isa = PBXShellScriptBuildPhase;
			buildActionMask = 2147483647;
			files = (
			);
			inputPaths = (
			);
			outputPaths = (
			);
			runOnlyForDeploymentPostprocessing = 0;
			shellPath = /bin/sh;
			shellScript = "/usr/local/bin/appledoc \\\n--project-name \"${PROJECT_NAME}\" \\\n--project-company \"Datakonsulten AB\" \\\n--company-id \"com.dkab\" \\\n--output \"${BUILD_DIR}/OdbcDocumentation\" \\\n--install-docset \\\n--logformat xcode \\\n--keep-undocumented-objects \\\n--keep-undocumented-members \\\n--keep-intermediate-files \\\n--no-repeat-first-par \\\n--no-warn-invalid-crossref \\\n--merge-categories \\\n--exit-threshold 2 \\\n--docset-platform-family iphoneos \\\n--ignore \"*.m\" \\\n--include \"${PROJECT_DIR}/docs/Images\" \\\n--index-desc \"${PROJECT_DIR}/Odbc/index.markdown\" \\\n--no-warn-undocumented-object \\\n--no-warn-undocumented-member \\\n--ignore OdbcPredicate.h \\\n--ignore OdbcColumnDescriptor.h \\\n--ignore OdbcEnvironment.h \\\n--ignore OdbcObject.h \\\n--ignore OdbcParameterDescriptor.h \\\n--ignore OdbcPrepareDescriptor.h \\\n--ignore OdbcResultDescriptor.h \\\n--ignore OdbcStoreDatabase.h \\\n--ignore OdbcUrl.h \\\n--ignore ParseKit \\\n\"${PROJECT_DIR}/${PROJECT_NAME}\"";
		};
		6A744FE417F9EC8F000793B2 /* ShellScript */ = {
			isa = PBXShellScriptBuildPhase;
			buildActionMask = 2147483647;
			files = (
			);
			inputPaths = (
			);
			outputPaths = (
			);
			runOnlyForDeploymentPostprocessing = 0;
			shellPath = /bin/sh;
			shellScript = "# Run the unit tests in this test bundle.\n\"${SYSTEM_DEVELOPER_DIR}/Tools/RunUnitTests\"\n";
		};
		6AF817CC18108A66004F9042 /* ShellScript */ = {
			isa = PBXShellScriptBuildPhase;
			buildActionMask = 2147483647;
			files = (
			);
			inputPaths = (
			);
			outputPaths = (
			);
			runOnlyForDeploymentPostprocessing = 0;
			shellPath = /bin/sh;
			shellScript = "rm -f -r \"$PROJECT_DIR/$FULL_PRODUCT_NAME\"\ncp -R -H \"$TARGET_BUILD_DIR/$FULL_PRODUCT_NAME\" \"$PROJECT_DIR\"\n";
		};
/* End PBXShellScriptBuildPhase section */

/* Begin PBXSourcesBuildPhase section */
		6A27E28517D8FC490070E6B7 /* Sources */ = {
			isa = PBXSourcesBuildPhase;
			buildActionMask = 2147483647;
			files = (
				6A27E2B317D8FCAF0070E6B7 /* OdbcColumnDescriptor.m in Sources */,
				6A27E2B517D8FCAF0070E6B7 /* OdbcConnection.m in Sources */,
				6A27E2B717D8FCAF0070E6B7 /* OdbcEnvironment.m in Sources */,
				6A27E2B917D8FCAF0070E6B7 /* OdbcException.m in Sources */,
				6A27E2BB17D8FCAF0070E6B7 /* OdbcParameterDescriptor.m in Sources */,
				6A27E2BF17D8FCAF0070E6B7 /* OdbcResultDescriptor.m in Sources */,
				6A27E2C117D8FCAF0070E6B7 /* OdbcStatement.m in Sources */,
				6ABB002F17F1E18100AF8BFB /* OdbcPrepareDescriptor.m in Sources */,
				6A5EE5EC18032FE8005E5942 /* OdbcStore.m in Sources */,
				6A5EE5EE18032FE8005E5942 /* OdbcStoreDatabase.m in Sources */,
				6A5EE5F018032FE8005E5942 /* OdbcUrl.m in Sources */,
				6A5EE639180706F0005E5942 /* OdbcAppDelegate.m in Sources */,
				6AF8178E18106475004F9042 /* OdbcPredicate.m in Sources */,
				6A5901E818215A770090ED57 /* NSArray+ParseKitAdditions.m in Sources */,
				6A5901E918215A770090ED57 /* NSMutableSet+ParseKitAdditions.m in Sources */,
				6A5901EA18215A770090ED57 /* NSString+ParseKitAdditions.m in Sources */,
				6A66EB2A1831392000CDD93E /* OdbcArrayController.m in Sources */,
				6A66EB331835480200CDD93E /* OdbcDocument.m in Sources */,
			);
			runOnlyForDeploymentPostprocessing = 0;
		};
		6A38A12D181AD36100876BDE /* Sources */ = {
			isa = PBXSourcesBuildPhase;
			buildActionMask = 2147483647;
			files = (
				6A38A135181AD36100876BDE /* main.m in Sources */,
				6A38A13C181ADABA00876BDE /* OdbcException.m in Sources */,
			);
			runOnlyForDeploymentPostprocessing = 0;
		};
		6A5EE5F11803308C005E5942 /* Sources */ = {
			isa = PBXSourcesBuildPhase;
			buildActionMask = 2147483647;
			files = (
				6A5EE5FE1803308C005E5942 /* main.m in Sources */,
				6A5EE6051803308C005E5942 /* AppDelegate.m in Sources */,
				6A5EE617180331D8005E5942 /* AuthorBooksController.m in Sources */,
				6A5EE618180331D8005E5942 /* AuthorsController.m in Sources */,
				6A5EE619180331D8005E5942 /* BookAuthorsController.m in Sources */,
				6A5EE61A180331D8005E5942 /* BooksController.m in Sources */,
				6A5EE62418036DE9005E5942 /* OdbcExample.xcdatamodeld in Sources */,
			);
			runOnlyForDeploymentPostprocessing = 0;
		};
		6A744FE117F9EC8F000793B2 /* Sources */ = {
			isa = PBXSourcesBuildPhase;
			buildActionMask = 2147483647;
			files = (
				6A744FFA17FAED37000793B2 /* ConnectionTests.m in Sources */,
				6A744FFD17FAEDBE000793B2 /* OdbcTests.m in Sources */,
				6AA4548E17FAFFAD00BB2EC9 /* StatementTests.m in Sources */,
				6A5EE62718059B08005E5942 /* OdbcStoreTests.m in Sources */,
				6A5EE62A18059C64005E5942 /* OdbcStoreTests.xcdatamodeld in Sources */,
				6A5EE6321806062D005E5942 /* Author.m in Sources */,
				6A5EE6351806067E005E5942 /* Book.m in Sources */,
			);
			runOnlyForDeploymentPostprocessing = 0;
		};
/* End PBXSourcesBuildPhase section */

/* Begin PBXVariantGroup section */
		6A27E29617D8FC490070E6B7 /* InfoPlist.strings */ = {
			isa = PBXVariantGroup;
			children = (
				6A27E29717D8FC490070E6B7 /* en */,
			);
			name = InfoPlist.strings;
			sourceTree = "<group>";
		};
		6A5EE5FA1803308C005E5942 /* InfoPlist.strings */ = {
			isa = PBXVariantGroup;
			children = (
				6A5EE5FB1803308C005E5942 /* en */,
			);
			name = InfoPlist.strings;
			sourceTree = "<group>";
		};
		6A5EE6001803308C005E5942 /* Credits.rtf */ = {
			isa = PBXVariantGroup;
			children = (
				6A5EE6011803308C005E5942 /* en */,
			);
			name = Credits.rtf;
			sourceTree = "<group>";
		};
		6A5EE6061803308D005E5942 /* MainMenu.xib */ = {
			isa = PBXVariantGroup;
			children = (
				6A5EE6071803308D005E5942 /* en */,
			);
			name = MainMenu.xib;
			sourceTree = "<group>";
		};
		6A74500417FAEE6F000793B2 /* InfoPlist.strings */ = {
			isa = PBXVariantGroup;
			children = (
				6A74500517FAEE6F000793B2 /* en */,
			);
			name = InfoPlist.strings;
			sourceTree = "<group>";
		};
/* End PBXVariantGroup section */

/* Begin XCBuildConfiguration section */
		6A27E29D17D8FC490070E6B7 /* Debug */ = {
			isa = XCBuildConfiguration;
			buildSettings = {
				ALWAYS_SEARCH_USER_PATHS = NO;
				CLANG_CXX_LANGUAGE_STANDARD = "gnu++0x";
				CLANG_CXX_LIBRARY = "libc++";
				CLANG_ENABLE_OBJC_ARC = YES;
				CLANG_WARN_CONSTANT_CONVERSION = YES;
				CLANG_WARN_EMPTY_BODY = YES;
				CLANG_WARN_ENUM_CONVERSION = YES;
				CLANG_WARN_INT_CONVERSION = YES;
				CLANG_WARN__DUPLICATE_METHOD_MATCH = YES;
				COPY_PHASE_STRIP = NO;
				DYLIB_CURRENT_VERSION = "";
				FRAMEWORK_SEARCH_PATHS = /Library/Frameworks;
				FRAMEWORK_VERSION = C;
				GCC_C_LANGUAGE_STANDARD = gnu99;
				GCC_DYNAMIC_NO_PIC = NO;
				GCC_ENABLE_OBJC_EXCEPTIONS = YES;
				GCC_OPTIMIZATION_LEVEL = 0;
				GCC_PREPROCESSOR_DEFINITIONS = (
					"DEBUG=1",
					"$(inherited)",
				);
				GCC_SYMBOLS_PRIVATE_EXTERN = NO;
				GCC_WARN_64_TO_32_BIT_CONVERSION = YES;
				GCC_WARN_ABOUT_RETURN_TYPE = YES;
				GCC_WARN_UNINITIALIZED_AUTOS = YES;
				GCC_WARN_UNUSED_VARIABLE = YES;
				LD_DYLIB_INSTALL_NAME = "@rpath/Odbc.framework/Versions/$(FRAMEWORK_VERSION)/Odbc";
				LD_RUNPATH_SEARCH_PATHS = "/Library/Frameworks $(PROJECT_DIR)";
				MACOSX_DEPLOYMENT_TARGET = 10.8;
				ONLY_ACTIVE_ARCH = YES;
				SDKROOT = macosx;
			};
			name = Debug;
		};
		6A27E29E17D8FC490070E6B7 /* Release */ = {
			isa = XCBuildConfiguration;
			buildSettings = {
				ALWAYS_SEARCH_USER_PATHS = NO;
				CLANG_CXX_LANGUAGE_STANDARD = "gnu++0x";
				CLANG_CXX_LIBRARY = "libc++";
				CLANG_ENABLE_OBJC_ARC = YES;
				CLANG_WARN_CONSTANT_CONVERSION = YES;
				CLANG_WARN_EMPTY_BODY = YES;
				CLANG_WARN_ENUM_CONVERSION = YES;
				CLANG_WARN_INT_CONVERSION = YES;
				CLANG_WARN__DUPLICATE_METHOD_MATCH = YES;
				COPY_PHASE_STRIP = YES;
				DEBUG_INFORMATION_FORMAT = "dwarf-with-dsym";
				DYLIB_CURRENT_VERSION = "";
				FRAMEWORK_SEARCH_PATHS = /Library/Frameworks;
				FRAMEWORK_VERSION = C;
				GCC_C_LANGUAGE_STANDARD = gnu99;
				GCC_ENABLE_OBJC_EXCEPTIONS = YES;
				GCC_WARN_64_TO_32_BIT_CONVERSION = YES;
				GCC_WARN_ABOUT_RETURN_TYPE = YES;
				GCC_WARN_UNINITIALIZED_AUTOS = YES;
				GCC_WARN_UNUSED_VARIABLE = YES;
				LD_DYLIB_INSTALL_NAME = "@rpath/Odbc.framework/Versions/$(FRAMEWORK_VERSION)/Odbc";
				LD_RUNPATH_SEARCH_PATHS = "/Library/Frameworks $(PROJECT_DIR)";
				MACOSX_DEPLOYMENT_TARGET = 10.8;
				SDKROOT = macosx;
			};
			name = Release;
		};
		6A27E2A017D8FC490070E6B7 /* Debug */ = {
			isa = XCBuildConfiguration;
			buildSettings = {
				COMBINE_HIDPI_IMAGES = YES;
				DYLIB_COMPATIBILITY_VERSION = 1;
				DYLIB_CURRENT_VERSION = 1;
				FRAMEWORK_SEARCH_PATHS = (
					"$(inherited)",
					"\"$(SRCROOT)\"",
				);
				FRAMEWORK_VERSION = C;
				GCC_PRECOMPILE_PREFIX_HEADER = YES;
				GCC_PREFIX_HEADER = "Odbc/Odbc-Prefix.pch";
				GCC_PREPROCESSOR_DEFINITIONS = (
					"DEBUG=1",
					"$(inherited)",
					"FRAMEWORK_VERSION=$(FRAMEWORK_VERSION)",
				);
				INFOPLIST_FILE = "Odbc/Odbc-Info.plist";
				LIBRARY_SEARCH_PATHS = (
					"$(inherited)",
					"\"$(SRCROOT)/Odbc/ParseKit\"",
				);
				PRODUCT_NAME = Odbc;
				WRAPPER_EXTENSION = framework;
			};
			name = Debug;
		};
		6A27E2A117D8FC490070E6B7 /* Release */ = {
			isa = XCBuildConfiguration;
			buildSettings = {
				COMBINE_HIDPI_IMAGES = YES;
				DYLIB_COMPATIBILITY_VERSION = 1;
				DYLIB_CURRENT_VERSION = 1;
				FRAMEWORK_SEARCH_PATHS = (
					"$(inherited)",
					"\"$(SRCROOT)\"",
				);
				FRAMEWORK_VERSION = C;
				GCC_PRECOMPILE_PREFIX_HEADER = YES;
				GCC_PREFIX_HEADER = "Odbc/Odbc-Prefix.pch";
				INFOPLIST_FILE = "Odbc/Odbc-Info.plist";
				LIBRARY_SEARCH_PATHS = (
					"$(inherited)",
					"\"$(SRCROOT)/Odbc/ParseKit\"",
				);
				PRODUCT_NAME = Odbc;
				WRAPPER_EXTENSION = framework;
			};
			name = Release;
		};
		6A38A138181AD36100876BDE /* Debug */ = {
			isa = XCBuildConfiguration;
			buildSettings = {
				PRODUCT_NAME = "$(TARGET_NAME)";
			};
			name = Debug;
		};
		6A38A139181AD36100876BDE /* Release */ = {
			isa = XCBuildConfiguration;
			buildSettings = {
				PRODUCT_NAME = "$(TARGET_NAME)";
			};
			name = Release;
		};
		6A5EE60D1803308D005E5942 /* Debug */ = {
			isa = XCBuildConfiguration;
			buildSettings = {
				COMBINE_HIDPI_IMAGES = YES;
				FRAMEWORK_SEARCH_PATHS = (
					"$(inherited)",
					"\"$(SRCROOT)\"",
				);
				GCC_PRECOMPILE_PREFIX_HEADER = YES;
				GCC_PREFIX_HEADER = "OdbcExample/OdbcExample-Prefix.pch";
				INFOPLIST_FILE = "OdbcExample/OdbcExample-Info.plist";
				PRODUCT_NAME = "$(TARGET_NAME)";
				WRAPPER_EXTENSION = app;
			};
			name = Debug;
		};
		6A5EE60E1803308D005E5942 /* Release */ = {
			isa = XCBuildConfiguration;
			buildSettings = {
				COMBINE_HIDPI_IMAGES = YES;
				FRAMEWORK_SEARCH_PATHS = (
					"$(inherited)",
					"\"$(SRCROOT)\"",
				);
				GCC_PRECOMPILE_PREFIX_HEADER = YES;
				GCC_PREFIX_HEADER = "OdbcExample/OdbcExample-Prefix.pch";
				INFOPLIST_FILE = "OdbcExample/OdbcExample-Info.plist";
				PRODUCT_NAME = "$(TARGET_NAME)";
				WRAPPER_EXTENSION = app;
			};
			name = Release;
		};
		6A744FC517F8E1D6000793B2 /* Debug */ = {
			isa = XCBuildConfiguration;
			buildSettings = {
				PRODUCT_NAME = "$(TARGET_NAME)";
			};
			name = Debug;
		};
		6A744FC617F8E1D6000793B2 /* Release */ = {
			isa = XCBuildConfiguration;
			buildSettings = {
				PRODUCT_NAME = "$(TARGET_NAME)";
			};
			name = Release;
		};
		6A744FF517F9EC90000793B2 /* Debug */ = {
			isa = XCBuildConfiguration;
			buildSettings = {
				COMBINE_HIDPI_IMAGES = YES;
				FRAMEWORK_SEARCH_PATHS = (
					"\"$(DEVELOPER_LIBRARY_DIR)/Frameworks\"",
					/Library/Frameworks,
					"$(TARGET_BUILD_DIR)",
				);
				GCC_PRECOMPILE_PREFIX_HEADER = YES;
				GCC_PREFIX_HEADER = "OdbcTests/OdbcTests-Prefix.pch";
				GCC_PREPROCESSOR_DEFINITIONS = (
					"SRCDIR=\"\\\"$(PROJECT_DIR)\\\"\"",
					"TARGET_BUILD_DIR=\"\\\"$(TARGET_BUILD_DIR)\\\"\"",
				);
				INFOPLIST_FILE = "OdbcTests/OdbcTests-Info.plist";
				LD_RUNPATH_SEARCH_PATHS = "/Library/Frameworks \"$(SRCROOT)/DerivedData/Odbc/Build/Products/Debug\"";
				PRODUCT_NAME = "$(TARGET_NAME)";
				WRAPPER_EXTENSION = octest;
			};
			name = Debug;
		};
		6A744FF617F9EC90000793B2 /* Release */ = {
			isa = XCBuildConfiguration;
			buildSettings = {
				COMBINE_HIDPI_IMAGES = YES;
				FRAMEWORK_SEARCH_PATHS = (
					"\"$(DEVELOPER_LIBRARY_DIR)/Frameworks\"",
					/Library/Frameworks,
					"$(TARGET_BUILD_DIR)",
				);
				GCC_PRECOMPILE_PREFIX_HEADER = YES;
				GCC_PREFIX_HEADER = "OdbcTests/OdbcTests-Prefix.pch";
				GCC_PREPROCESSOR_DEFINITIONS = (
					"SRCDIR=\"\\\"$(PROJECT_DIR)\\\"\"",
					"TARGET_BUILD_DIR=\"\\\"$(TARGET_BUILD_DIR)\\\"\"",
				);
				INFOPLIST_FILE = "OdbcTests/OdbcTests-Info.plist";
				LD_RUNPATH_SEARCH_PATHS = "/Library/Frameworks \"$(SRCROOT)/DerivedData/Odbc/Build/Products/Debug\"";
				PRODUCT_NAME = "$(TARGET_NAME)";
				WRAPPER_EXTENSION = octest;
			};
			name = Release;
		};
/* End XCBuildConfiguration section */

/* Begin XCConfigurationList section */
		6A27E28417D8FC490070E6B7 /* Build configuration list for PBXProject "Odbc" */ = {
			isa = XCConfigurationList;
			buildConfigurations = (
				6A27E29D17D8FC490070E6B7 /* Debug */,
				6A27E29E17D8FC490070E6B7 /* Release */,
			);
			defaultConfigurationIsVisible = 0;
			defaultConfigurationName = Release;
		};
		6A27E29F17D8FC490070E6B7 /* Build configuration list for PBXNativeTarget "Odbc" */ = {
			isa = XCConfigurationList;
			buildConfigurations = (
				6A27E2A017D8FC490070E6B7 /* Debug */,
				6A27E2A117D8FC490070E6B7 /* Release */,
			);
			defaultConfigurationIsVisible = 0;
			defaultConfigurationName = Release;
		};
		6A38A13A181AD36100876BDE /* Build configuration list for PBXNativeTarget "TestConnect" */ = {
			isa = XCConfigurationList;
			buildConfigurations = (
				6A38A138181AD36100876BDE /* Debug */,
				6A38A139181AD36100876BDE /* Release */,
			);
			defaultConfigurationIsVisible = 0;
			defaultConfigurationName = Release;
		};
		6A5EE60C1803308D005E5942 /* Build configuration list for PBXNativeTarget "OdbcExample" */ = {
			isa = XCConfigurationList;
			buildConfigurations = (
				6A5EE60D1803308D005E5942 /* Debug */,
				6A5EE60E1803308D005E5942 /* Release */,
			);
			defaultConfigurationIsVisible = 0;
			defaultConfigurationName = Release;
		};
		6A744FC717F8E1D6000793B2 /* Build configuration list for PBXAggregateTarget "OdbcDocumentation" */ = {
			isa = XCConfigurationList;
			buildConfigurations = (
				6A744FC517F8E1D6000793B2 /* Debug */,
				6A744FC617F8E1D6000793B2 /* Release */,
			);
			defaultConfigurationIsVisible = 0;
			defaultConfigurationName = Release;
		};
		6A744FF417F9EC90000793B2 /* Build configuration list for PBXNativeTarget "OdbcTests" */ = {
			isa = XCConfigurationList;
			buildConfigurations = (
				6A744FF517F9EC90000793B2 /* Debug */,
				6A744FF617F9EC90000793B2 /* Release */,
			);
			defaultConfigurationIsVisible = 0;
			defaultConfigurationName = Release;
		};
/* End XCConfigurationList section */

/* Begin XCVersionGroup section */
		6A5EE62218036DE9005E5942 /* OdbcExample.xcdatamodeld */ = {
			isa = XCVersionGroup;
			children = (
				6A5EE62318036DE9005E5942 /* OdbcExample.xcdatamodel */,
			);
			currentVersion = 6A5EE62318036DE9005E5942 /* OdbcExample.xcdatamodel */;
			path = OdbcExample.xcdatamodeld;
			sourceTree = "<group>";
			versionGroupType = wrapper.xcdatamodel;
		};
		6A5EE62818059C64005E5942 /* OdbcStoreTests.xcdatamodeld */ = {
			isa = XCVersionGroup;
			children = (
				6A5EE62918059C64005E5942 /* OdbcStoreTests.xcdatamodel */,
			);
			currentVersion = 6A5EE62918059C64005E5942 /* OdbcStoreTests.xcdatamodel */;
			path = OdbcStoreTests.xcdatamodeld;
			sourceTree = "<group>";
			versionGroupType = wrapper.xcdatamodel;
		};
/* End XCVersionGroup section */
	};
	rootObject = 6A27E28117D8FC490070E6B7 /* Project object */;
}
